
Microsoft Visual Studio Solution File, Format Version 12.00
# Visual Studio Version 17
VisualStudioVersion = 17.1.32319.34
MinimumVisualStudioVersion = 10.0.40219.1
Project("{9A19103F-16F7-4668-BE54-9A1E7A4F7556}") = "RobotsQuestion", "RobotsQuestion\RobotsQuestion.csproj", "{E79CCD29-3BDF-4E54-AF6C-48A0891F6001}"
EndProject
Project("{9A19103F-16F7-4668-BE54-9A1E7A4F7556}") = "BuildingsQuestion", "BuildingsQuestion\BuildingsQuestion.csproj", "{F8B4EC48-D77E-4928-86D8-A67DB1F76A76}"
EndProject
Global
	GlobalSection(SolutionConfigurationPlatforms) = preSolution
		Debug|Any CPU = Debug|Any CPU
		Release|Any CPU = Release|Any CPU
	EndGlobalSection
	GlobalSection(ProjectConfigurationPlatforms) = postSolution
		{E79CCD29-3BDF-4E54-AF6C-48A0891F6001}.Debug|Any CPU.ActiveCfg = Debug|Any CPU
		{E79CCD29-3BDF-4E54-AF6C-48A0891F6001}.Debug|Any CPU.Build.0 = Debug|Any CPU
		{E79CCD29-3BDF-4E54-AF6C-48A0891F6001}.Release|Any CPU.ActiveCfg = Release|Any CPU
		{E79CCD29-3BDF-4E54-AF6C-48A0891F6001}.Release|Any CPU.Build.0 = Release|Any CPU
		{F8B4EC48-D77E-4928-86D8-A67DB1F76A76}.Debug|Any CPU.ActiveCfg = Debug|Any CPU
		{F8B4EC48-D77E-4928-86D8-A67DB1F76A76}.Debug|Any CPU.Build.0 = Debug|Any CPU
		{F8B4EC48-D77E-4928-86D8-A67DB1F76A76}.Release|Any CPU.ActiveCfg = Release|Any CPU
		{F8B4EC48-D77E-4928-86D8-A67DB1F76A76}.Release|Any CPU.Build.0 = Release|Any CPU
	EndGlobalSection
	GlobalSection(SolutionProperties) = preSolution
		HideSolutionNode = FALSE
	EndGlobalSection
	GlobalSection(ExtensibilityGlobals) = postSolution
		SolutionGuid = {79B91B2A-0437-437C-A1A1-E1D74F31C09E}
	EndGlobalSection
EndGlobal
